{
  "version": 4,
  "terraform_version": "1.5.0",
  "serial": 41,
  "lineage": "f341a648-8fae-3adb-f0b9-e7dc631d8bb1",
  "outputs": {},
  "resources": [
    {
      "mode": "data",
      "type": "aws_secretsmanager_secret",
      "name": "gitlab-docker-registry",
      "provider": "provider[\"registry.terraform.io/hashicorp/aws\"]",
      "instances": [
        {
          "schema_version": 0,
          "attributes": {
            "arn": "arn:aws:secretsmanager:us-west-2:953610586681:secret:gitlab-docker-registry-secret-1-LCvjWw",
            "description": "",
            "id": "arn:aws:secretsmanager:us-west-2:953610586681:secret:gitlab-docker-registry-secret-1-LCvjWw",
            "kms_key_id": "",
            "name": "gitlab-docker-registry-secret-1",
            "policy": "",
            "tags": {}
          },
          "sensitive_attributes": []
        }
      ]
    },
    {
      "mode": "data",
      "type": "aws_secretsmanager_secret_version",
      "name": "gitlab-docker-registry-credentials",
      "provider": "provider[\"registry.terraform.io/hashicorp/aws\"]",
      "instances": [
        {
          "schema_version": 0,
          "attributes": {
            "arn": "arn:aws:secretsmanager:us-west-2:953610586681:secret:gitlab-docker-registry-secret-1-LCvjWw",
            "id": "arn:aws:secretsmanager:us-west-2:953610586681:secret:gitlab-docker-registry-secret-1-LCvjWw|AWSCURRENT",
            "secret_binary": "",
            "secret_id": "arn:aws:secretsmanager:us-west-2:953610586681:secret:gitlab-docker-registry-secret-1-LCvjWw",
            "secret_string": "{\"password\":\"Fy5mgo-w878XU9yNXPy5\",\"username\":\"ecs-token\"}",
            "version_id": "353F3854-7EBF-4372-908A-AD5452A59747",
            "version_stage": "AWSCURRENT",
            "version_stages": [
              "AWSCURRENT"
            ]
          },
          "sensitive_attributes": []
        }
      ]
    },
    {
      "mode": "data",
      "type": "template_file",
      "name": "task_definition",
      "provider": "provider[\"registry.terraform.io/hashicorp/template\"]",
      "instances": [
        {
          "schema_version": 0,
          "attributes": {
            "filename": null,
            "id": "108e56e0a2d8aaa03ff7ad20e58c13bcd4500756fba26214a8a27b3f15931277",
            "rendered": "[\n    {\n        \"essential\": true,\n        \"memory\": 128,\n        \"name\": \"worker\",\n        \"cpu\": 1,\n        \"image\": \"registry.gitlab.com/quench2/beer-service/beerservice:0.0.1\",\n        \"repositoryCredentials\": {\n            \"credentialsParameter\": \"arn:aws:secretsmanager:us-west-2:953610586681:secret:gitlab-docker-registry-secret-1-LCvjWw\"\n        },\n        \"environment\": []\n    }\n]",
            "template": "[\n    {\n        \"essential\": true,\n        \"memory\": 128,\n        \"name\": \"worker\",\n        \"cpu\": 1,\n        \"image\": \"registry.gitlab.com/quench2/beer-service/beerservice:0.0.1\",\n        \"repositoryCredentials\": {\n            \"credentialsParameter\": \"arn:aws:secretsmanager:us-west-2:953610586681:secret:gitlab-docker-registry-secret-1-LCvjWw\"\n        },\n        \"environment\": []\n    }\n]",
            "vars": null
          },
          "sensitive_attributes": []
        }
      ]
    },
    {
      "mode": "managed",
      "type": "aws_ecs_cluster",
      "name": "ecs-cluster",
      "provider": "provider[\"registry.terraform.io/hashicorp/aws\"]",
      "instances": [
        {
          "schema_version": 0,
          "attributes": {
            "arn": "arn:aws:ecs:us-west-2:953610586681:cluster/my-cluster",
            "configuration": [],
            "id": "arn:aws:ecs:us-west-2:953610586681:cluster/my-cluster",
            "name": "my-cluster",
            "service_connect_defaults": [],
            "setting": [
              {
                "name": "containerInsights",
                "value": "disabled"
              }
            ],
            "tags": {},
            "tags_all": {}
          },
          "sensitive_attributes": [],
          "private": "bnVsbA=="
        }
      ]
    },
    {
      "mode": "managed",
      "type": "aws_ecs_service",
      "name": "worker",
      "provider": "provider[\"registry.terraform.io/hashicorp/aws\"]",
      "instances": [
        {
          "schema_version": 0,
          "attributes": {
            "alarms": [],
            "capacity_provider_strategy": [],
            "cluster": "arn:aws:ecs:us-west-2:953610586681:cluster/my-cluster",
            "deployment_circuit_breaker": [
              {
                "enable": false,
                "rollback": false
              }
            ],
            "deployment_controller": [
              {
                "type": "ECS"
              }
            ],
            "deployment_maximum_percent": 200,
            "deployment_minimum_healthy_percent": 100,
            "desired_count": 1,
            "enable_ecs_managed_tags": false,
            "enable_execute_command": false,
            "force_new_deployment": null,
            "health_check_grace_period_seconds": 0,
            "iam_role": null,
            "id": "arn:aws:ecs:us-west-2:953610586681:service/my-cluster/worker",
            "launch_type": "EC2",
            "load_balancer": [],
            "name": "worker",
            "network_configuration": [],
            "ordered_placement_strategy": [],
            "placement_constraints": [],
            "platform_version": "",
            "propagate_tags": "NONE",
            "scheduling_strategy": "REPLICA",
            "service_connect_configuration": [],
            "service_registries": [],
            "tags": {},
            "tags_all": {},
            "task_definition": "arn:aws:ecs:us-west-2:953610586681:task-definition/worker:15",
            "timeouts": null,
            "triggers": {},
            "wait_for_steady_state": false
          },
          "sensitive_attributes": [],
          "private": "eyJlMmJmYjczMC1lY2FhLTExZTYtOGY4OC0zNDM2M2JjN2M0YzAiOnsiY3JlYXRlIjoxMjAwMDAwMDAwMDAwLCJkZWxldGUiOjEyMDAwMDAwMDAwMDAsInVwZGF0ZSI6MTIwMDAwMDAwMDAwMH19",
          "dependencies": [
            "aws_ecs_cluster.ecs-cluster",
            "aws_ecs_task_definition.task_definition",
            "data.template_file.task_definition"
          ]
        }
      ]
    },
    {
      "mode": "managed",
      "type": "aws_ecs_task_definition",
      "name": "task_definition",
      "provider": "provider[\"registry.terraform.io/hashicorp/aws\"]",
      "instances": [
        {
          "schema_version": 1,
          "attributes": {
            "arn": "arn:aws:ecs:us-west-2:953610586681:task-definition/worker:15",
            "arn_without_revision": "arn:aws:ecs:us-west-2:953610586681:task-definition/worker",
            "container_definitions": "[{\"cpu\":1,\"environment\":[],\"essential\":true,\"image\":\"registry.gitlab.com/quench2/beer-service/beerservice:0.0.1\",\"memory\":128,\"mountPoints\":[],\"name\":\"worker\",\"portMappings\":[],\"repositoryCredentials\":{\"credentialsParameter\":\"arn:aws:secretsmanager:us-west-2:953610586681:secret:gitlab-docker-registry-secret-1-LCvjWw\"},\"volumesFrom\":[]}]",
            "cpu": "",
            "ephemeral_storage": [],
            "execution_role_arn": "arn:aws:iam::953610586681:role/ecsTaskExecutionRole",
            "family": "worker",
            "id": "worker",
            "inference_accelerator": [],
            "ipc_mode": "",
            "memory": "",
            "network_mode": "",
            "pid_mode": "",
            "placement_constraints": [],
            "proxy_configuration": [],
            "requires_compatibilities": null,
            "revision": 15,
            "runtime_platform": [],
            "skip_destroy": false,
            "tags": null,
            "tags_all": {},
            "task_role_arn": "",
            "volume": []
          },
          "sensitive_attributes": [],
          "private": "eyJzY2hlbWFfdmVyc2lvbiI6IjEifQ==",
          "dependencies": [
            "data.template_file.task_definition"
          ]
        }
      ]
    },
    {
      "mode": "managed",
      "type": "aws_secretsmanager_secret",
      "name": "gitlab-docker-registry",
      "provider": "provider[\"registry.terraform.io/hashicorp/aws\"]",
      "instances": [
        {
          "schema_version": 0,
          "attributes": {
            "arn": "arn:aws:secretsmanager:us-west-2:953610586681:secret:gitlab-docker-registry-secret-1-LCvjWw",
            "description": "",
            "force_overwrite_replica_secret": false,
            "id": "arn:aws:secretsmanager:us-west-2:953610586681:secret:gitlab-docker-registry-secret-1-LCvjWw",
            "kms_key_id": "",
            "name": "gitlab-docker-registry-secret-1",
            "name_prefix": "",
            "policy": "",
            "recovery_window_in_days": 30,
            "replica": [],
            "tags": {},
            "tags_all": {}
          },
          "sensitive_attributes": [],
          "private": "bnVsbA=="
        }
      ]
    },
    {
      "mode": "managed",
      "type": "aws_secretsmanager_secret_version",
      "name": "gitlab-docker-registry-version",
      "provider": "provider[\"registry.terraform.io/hashicorp/aws\"]",
      "instances": [
        {
          "schema_version": 0,
          "attributes": {
            "arn": "arn:aws:secretsmanager:us-west-2:953610586681:secret:gitlab-docker-registry-secret-1-LCvjWw",
            "id": "arn:aws:secretsmanager:us-west-2:953610586681:secret:gitlab-docker-registry-secret-1-LCvjWw|353F3854-7EBF-4372-908A-AD5452A59747",
            "secret_binary": "",
            "secret_id": "arn:aws:secretsmanager:us-west-2:953610586681:secret:gitlab-docker-registry-secret-1-LCvjWw",
            "secret_string": "{\"password\":\"Fy5mgo-w878XU9yNXPy5\",\"username\":\"ecs-token\"}",
            "version_id": "353F3854-7EBF-4372-908A-AD5452A59747",
            "version_stages": [
              "AWSCURRENT"
            ]
          },
          "sensitive_attributes": [],
          "private": "bnVsbA==",
          "dependencies": [
            "aws_secretsmanager_secret.gitlab-docker-registry"
          ]
        }
      ]
    }
  ],
  "check_results": null
}
